
Microsoft Visual Studio Solution File, Format Version 12.00
# Visual Studio Version 17
VisualStudioVersion = 17.13.35931.197 d17.13
MinimumVisualStudioVersion = 10.0.40219.1
Project("{FAE04EC0-301F-11D3-BF4B-00C04F79EFBC}") = "12 4 вариант", "12 4 вариант.csproj", "{EB88A849-E4BE-4084-90E9-DD388E3E9BF0}"
EndProject
Global
	GlobalSection(SolutionConfigurationPlatforms) = preSolution
		Debug|Any CPU = Debug|Any CPU
		Release|Any CPU = Release|Any CPU
	EndGlobalSection
	GlobalSection(ProjectConfigurationPlatforms) = postSolution
		{EB88A849-E4BE-4084-90E9-DD388E3E9BF0}.Debug|Any CPU.ActiveCfg = Debug|Any CPU
		{EB88A849-E4BE-4084-90E9-DD388E3E9BF0}.Debug|Any CPU.Build.0 = Debug|Any CPU
		{EB88A849-E4BE-4084-90E9-DD388E3E9BF0}.Release|Any CPU.ActiveCfg = Release|Any CPU
		{EB88A849-E4BE-4084-90E9-DD388E3E9BF0}.Release|Any CPU.Build.0 = Release|Any CPU
	EndGlobalSection
	GlobalSection(SolutionProperties) = preSolution
		HideSolutionNode = FALSE
	EndGlobalSection
	GlobalSection(ExtensibilityGlobals) = postSolution
		SolutionGuid = {0BF8F1FD-D1C8-42F7-884A-470070055889}
	EndGlobalSection
EndGlobal
